
Microsoft Visual Studio Solution File, Format Version 12.00
Project("{FAE04EC0-301F-11D3-BF4B-00C04F79EFBC}") = "SwarmingLilMen", "SwarmingLilMen.csproj", "{FDC4EA98-3253-4621-B714-E9CA1BB55D32}"
EndProject
Global
	GlobalSection(SolutionConfigurationPlatforms) = preSolution
		Debug|Any CPU = Debug|Any CPU
		Release|Any CPU = Release|Any CPU
	EndGlobalSection
	GlobalSection(ProjectConfigurationPlatforms) = postSolution
		{FDC4EA98-3253-4621-B714-E9CA1BB55D32}.Debug|Any CPU.ActiveCfg = Debug|Any CPU
		{FDC4EA98-3253-4621-B714-E9CA1BB55D32}.Debug|Any CPU.Build.0 = Debug|Any CPU
		{FDC4EA98-3253-4621-B714-E9CA1BB55D32}.Release|Any CPU.ActiveCfg = Release|Any CPU
		{FDC4EA98-3253-4621-B714-E9CA1BB55D32}.Release|Any CPU.Build.0 = Release|Any CPU
	EndGlobalSection
EndGlobal
